
Microsoft Visual Studio Solution File, Format Version 12.00
# Visual Studio Version 17
VisualStudioVersion = 17.8.34316.72
MinimumVisualStudioVersion = 10.0.40219.1
Project("{FAE04EC0-301F-11D3-BF4B-00C04F79EFBC}") = "MontCrest_Task_ClietSide", "MontCrest_Task_ClietSide.csproj", "{33E9E4D0-E208-47A2-89A1-99481B94F7FA}"
EndProject
Global
	GlobalSection(SolutionConfigurationPlatforms) = preSolution
		Debug|Any CPU = Debug|Any CPU
		Release|Any CPU = Release|Any CPU
	EndGlobalSection
	GlobalSection(ProjectConfigurationPlatforms) = postSolution
		{33E9E4D0-E208-47A2-89A1-99481B94F7FA}.Debug|Any CPU.ActiveCfg = Debug|Any CPU
		{33E9E4D0-E208-47A2-89A1-99481B94F7FA}.Debug|Any CPU.Build.0 = Debug|Any CPU
		{33E9E4D0-E208-47A2-89A1-99481B94F7FA}.Release|Any CPU.ActiveCfg = Release|Any CPU
		{33E9E4D0-E208-47A2-89A1-99481B94F7FA}.Release|Any CPU.Build.0 = Release|Any CPU
	EndGlobalSection
	GlobalSection(SolutionProperties) = preSolution
		HideSolutionNode = FALSE
	EndGlobalSection
	GlobalSection(ExtensibilityGlobals) = postSolution
		SolutionGuid = {D207F829-CAE4-4DD0-8F49-13F196F448BA}
	EndGlobalSection
EndGlobal
